
Microsoft Visual Studio Solution File, Format Version 12.00
# Visual Studio 2013
VisualStudioVersion = 12.0.21005.1
MinimumVisualStudioVersion = 10.0.40219.1
Project("{FAE04EC0-301F-11D3-BF4B-00C04F79EFBC}") = "org.xepher.wuxibus", "org.xepher.wuxibus\org.xepher.wuxibus.csproj", "{2EC79097-0ABC-49F2-B436-6A27403BE61A}"
EndProject
Project("{FAE04EC0-301F-11D3-BF4B-00C04F79EFBC}") = "org.xepher.model", "org.xepher.model\org.xepher.model.csproj", "{0C51683B-F757-4FA4-8340-43D5DE48E9D2}"
EndProject
Project("{FAE04EC0-301F-11D3-BF4B-00C04F79EFBC}") = "org.xepher.common", "org.xepher.common\org.xepher.common.csproj", "{54DE8500-553A-4154-8F73-74377F496464}"
EndProject
Project("{FAE04EC0-301F-11D3-BF4B-00C04F79EFBC}") = "org.xepher.lang", "org.xepher.lang\org.xepher.lang.csproj", "{7E023168-3AE3-401A-829A-C4243325526B}"
EndProject
Project("{FAE04EC0-301F-11D3-BF4B-00C04F79EFBC}") = "org.xepher.control", "org.xepher.control\org.xepher.control.csproj", "{9191A7A8-7774-4C48-8C45-76EA19538C1A}"
EndProject
Project("{FAE04EC0-301F-11D3-BF4B-00C04F79EFBC}") = "org.xepher.webservice", "org.xepher.webservice\org.xepher.webservice.csproj", "{2245FECB-D389-4681-86E3-1F589D8331C3}"
EndProject
Global
	GlobalSection(SolutionConfigurationPlatforms) = preSolution
		Debug|Any CPU = Debug|Any CPU
		Debug|ARM = Debug|ARM
		Debug|x86 = Debug|x86
		Release|Any CPU = Release|Any CPU
		Release|ARM = Release|ARM
		Release|x86 = Release|x86
	EndGlobalSection
	GlobalSection(ProjectConfigurationPlatforms) = postSolution
		{2EC79097-0ABC-49F2-B436-6A27403BE61A}.Debug|Any CPU.ActiveCfg = Debug|Any CPU
		{2EC79097-0ABC-49F2-B436-6A27403BE61A}.Debug|Any CPU.Build.0 = Debug|Any CPU
		{2EC79097-0ABC-49F2-B436-6A27403BE61A}.Debug|Any CPU.Deploy.0 = Debug|Any CPU
		{2EC79097-0ABC-49F2-B436-6A27403BE61A}.Debug|ARM.ActiveCfg = Debug|ARM
		{2EC79097-0ABC-49F2-B436-6A27403BE61A}.Debug|ARM.Build.0 = Debug|ARM
		{2EC79097-0ABC-49F2-B436-6A27403BE61A}.Debug|ARM.Deploy.0 = Debug|ARM
		{2EC79097-0ABC-49F2-B436-6A27403BE61A}.Debug|x86.ActiveCfg = Debug|x86
		{2EC79097-0ABC-49F2-B436-6A27403BE61A}.Debug|x86.Build.0 = Debug|x86
		{2EC79097-0ABC-49F2-B436-6A27403BE61A}.Debug|x86.Deploy.0 = Debug|x86
		{2EC79097-0ABC-49F2-B436-6A27403BE61A}.Release|Any CPU.ActiveCfg = Release|Any CPU
		{2EC79097-0ABC-49F2-B436-6A27403BE61A}.Release|Any CPU.Build.0 = Release|Any CPU
		{2EC79097-0ABC-49F2-B436-6A27403BE61A}.Release|Any CPU.Deploy.0 = Release|Any CPU
		{2EC79097-0ABC-49F2-B436-6A27403BE61A}.Release|ARM.ActiveCfg = Release|ARM
		{2EC79097-0ABC-49F2-B436-6A27403BE61A}.Release|ARM.Build.0 = Release|ARM
		{2EC79097-0ABC-49F2-B436-6A27403BE61A}.Release|ARM.Deploy.0 = Release|ARM
		{2EC79097-0ABC-49F2-B436-6A27403BE61A}.Release|x86.ActiveCfg = Release|x86
		{2EC79097-0ABC-49F2-B436-6A27403BE61A}.Release|x86.Build.0 = Release|x86
		{2EC79097-0ABC-49F2-B436-6A27403BE61A}.Release|x86.Deploy.0 = Release|x86
		{0C51683B-F757-4FA4-8340-43D5DE48E9D2}.Debug|Any CPU.ActiveCfg = Debug|Any CPU
		{0C51683B-F757-4FA4-8340-43D5DE48E9D2}.Debug|Any CPU.Build.0 = Debug|Any CPU
		{0C51683B-F757-4FA4-8340-43D5DE48E9D2}.Debug|ARM.ActiveCfg = Debug|ARM
		{0C51683B-F757-4FA4-8340-43D5DE48E9D2}.Debug|ARM.Build.0 = Debug|ARM
		{0C51683B-F757-4FA4-8340-43D5DE48E9D2}.Debug|x86.ActiveCfg = Debug|x86
		{0C51683B-F757-4FA4-8340-43D5DE48E9D2}.Debug|x86.Build.0 = Debug|x86
		{0C51683B-F757-4FA4-8340-43D5DE48E9D2}.Release|Any CPU.ActiveCfg = Release|Any CPU
		{0C51683B-F757-4FA4-8340-43D5DE48E9D2}.Release|Any CPU.Build.0 = Release|Any CPU
		{0C51683B-F757-4FA4-8340-43D5DE48E9D2}.Release|ARM.ActiveCfg = Release|ARM
		{0C51683B-F757-4FA4-8340-43D5DE48E9D2}.Release|ARM.Build.0 = Release|ARM
		{0C51683B-F757-4FA4-8340-43D5DE48E9D2}.Release|x86.ActiveCfg = Release|x86
		{0C51683B-F757-4FA4-8340-43D5DE48E9D2}.Release|x86.Build.0 = Release|x86
		{54DE8500-553A-4154-8F73-74377F496464}.Debug|Any CPU.ActiveCfg = Debug|Any CPU
		{54DE8500-553A-4154-8F73-74377F496464}.Debug|Any CPU.Build.0 = Debug|Any CPU
		{54DE8500-553A-4154-8F73-74377F496464}.Debug|ARM.ActiveCfg = Debug|ARM
		{54DE8500-553A-4154-8F73-74377F496464}.Debug|ARM.Build.0 = Debug|ARM
		{54DE8500-553A-4154-8F73-74377F496464}.Debug|x86.ActiveCfg = Debug|x86
		{54DE8500-553A-4154-8F73-74377F496464}.Debug|x86.Build.0 = Debug|x86
		{54DE8500-553A-4154-8F73-74377F496464}.Release|Any CPU.ActiveCfg = Release|Any CPU
		{54DE8500-553A-4154-8F73-74377F496464}.Release|Any CPU.Build.0 = Release|Any CPU
		{54DE8500-553A-4154-8F73-74377F496464}.Release|ARM.ActiveCfg = Release|ARM
		{54DE8500-553A-4154-8F73-74377F496464}.Release|ARM.Build.0 = Release|ARM
		{54DE8500-553A-4154-8F73-74377F496464}.Release|x86.ActiveCfg = Release|x86
		{54DE8500-553A-4154-8F73-74377F496464}.Release|x86.Build.0 = Release|x86
		{7E023168-3AE3-401A-829A-C4243325526B}.Debug|Any CPU.ActiveCfg = Debug|Any CPU
		{7E023168-3AE3-401A-829A-C4243325526B}.Debug|Any CPU.Build.0 = Debug|Any CPU
		{7E023168-3AE3-401A-829A-C4243325526B}.Debug|ARM.ActiveCfg = Debug|ARM
		{7E023168-3AE3-401A-829A-C4243325526B}.Debug|ARM.Build.0 = Debug|ARM
		{7E023168-3AE3-401A-829A-C4243325526B}.Debug|x86.ActiveCfg = Debug|x86
		{7E023168-3AE3-401A-829A-C4243325526B}.Debug|x86.Build.0 = Debug|x86
		{7E023168-3AE3-401A-829A-C4243325526B}.Release|Any CPU.ActiveCfg = Release|Any CPU
		{7E023168-3AE3-401A-829A-C4243325526B}.Release|Any CPU.Build.0 = Release|Any CPU
		{7E023168-3AE3-401A-829A-C4243325526B}.Release|ARM.ActiveCfg = Release|ARM
		{7E023168-3AE3-401A-829A-C4243325526B}.Release|ARM.Build.0 = Release|ARM
		{7E023168-3AE3-401A-829A-C4243325526B}.Release|x86.ActiveCfg = Release|x86
		{7E023168-3AE3-401A-829A-C4243325526B}.Release|x86.Build.0 = Release|x86
		{9191A7A8-7774-4C48-8C45-76EA19538C1A}.Debug|Any CPU.ActiveCfg = Debug|Any CPU
		{9191A7A8-7774-4C48-8C45-76EA19538C1A}.Debug|Any CPU.Build.0 = Debug|Any CPU
		{9191A7A8-7774-4C48-8C45-76EA19538C1A}.Debug|ARM.ActiveCfg = Debug|ARM
		{9191A7A8-7774-4C48-8C45-76EA19538C1A}.Debug|ARM.Build.0 = Debug|ARM
		{9191A7A8-7774-4C48-8C45-76EA19538C1A}.Debug|x86.ActiveCfg = Debug|x86
		{9191A7A8-7774-4C48-8C45-76EA19538C1A}.Debug|x86.Build.0 = Debug|x86
		{9191A7A8-7774-4C48-8C45-76EA19538C1A}.Release|Any CPU.ActiveCfg = Release|Any CPU
		{9191A7A8-7774-4C48-8C45-76EA19538C1A}.Release|Any CPU.Build.0 = Release|Any CPU
		{9191A7A8-7774-4C48-8C45-76EA19538C1A}.Release|ARM.ActiveCfg = Release|ARM
		{9191A7A8-7774-4C48-8C45-76EA19538C1A}.Release|ARM.Build.0 = Release|ARM
		{9191A7A8-7774-4C48-8C45-76EA19538C1A}.Release|x86.ActiveCfg = Release|x86
		{9191A7A8-7774-4C48-8C45-76EA19538C1A}.Release|x86.Build.0 = Release|x86
		{2245FECB-D389-4681-86E3-1F589D8331C3}.Debug|Any CPU.ActiveCfg = Debug|Any CPU
		{2245FECB-D389-4681-86E3-1F589D8331C3}.Debug|Any CPU.Build.0 = Debug|Any CPU
		{2245FECB-D389-4681-86E3-1F589D8331C3}.Debug|ARM.ActiveCfg = Debug|ARM
		{2245FECB-D389-4681-86E3-1F589D8331C3}.Debug|ARM.Build.0 = Debug|ARM
		{2245FECB-D389-4681-86E3-1F589D8331C3}.Debug|x86.ActiveCfg = Debug|x86
		{2245FECB-D389-4681-86E3-1F589D8331C3}.Debug|x86.Build.0 = Debug|x86
		{2245FECB-D389-4681-86E3-1F589D8331C3}.Release|Any CPU.ActiveCfg = Release|Any CPU
		{2245FECB-D389-4681-86E3-1F589D8331C3}.Release|Any CPU.Build.0 = Release|Any CPU
		{2245FECB-D389-4681-86E3-1F589D8331C3}.Release|ARM.ActiveCfg = Release|ARM
		{2245FECB-D389-4681-86E3-1F589D8331C3}.Release|ARM.Build.0 = Release|ARM
		{2245FECB-D389-4681-86E3-1F589D8331C3}.Release|x86.ActiveCfg = Release|x86
		{2245FECB-D389-4681-86E3-1F589D8331C3}.Release|x86.Build.0 = Release|x86
	EndGlobalSection
	GlobalSection(SolutionProperties) = preSolution
		HideSolutionNode = FALSE
	EndGlobalSection
	GlobalSection(ExtensibilityGlobals) = postSolution
		VisualSVNWorkingCopyRoot = .
	EndGlobalSection
EndGlobal
