
Microsoft Visual Studio Solution File, Format Version 12.00
# Visual Studio 2013
VisualStudioVersion = 12.0.30110.0
MinimumVisualStudioVersion = 10.0.40219.1
Project("{FAE04EC0-301F-11D3-BF4B-00C04F79EFBC}") = "MokeWuxibusAPK", "MokeWuxibusAPK\MokeWuxibusAPK.csproj", "{BAFE3123-0F4F-442C-9494-3F267CBCD53C}"
EndProject
Global
	GlobalSection(SolutionConfigurationPlatforms) = preSolution
		Debug|Any CPU = Debug|Any CPU
		Release|Any CPU = Release|Any CPU
	EndGlobalSection
	GlobalSection(ProjectConfigurationPlatforms) = postSolution
		{BAFE3123-0F4F-442C-9494-3F267CBCD53C}.Debug|Any CPU.ActiveCfg = Debug|Any CPU
		{BAFE3123-0F4F-442C-9494-3F267CBCD53C}.Debug|Any CPU.Build.0 = Debug|Any CPU
		{BAFE3123-0F4F-442C-9494-3F267CBCD53C}.Release|Any CPU.ActiveCfg = Release|Any CPU
		{BAFE3123-0F4F-442C-9494-3F267CBCD53C}.Release|Any CPU.Build.0 = Release|Any CPU
	EndGlobalSection
	GlobalSection(SolutionProperties) = preSolution
		HideSolutionNode = FALSE
	EndGlobalSection
EndGlobal
