
Microsoft Visual Studio Solution File, Format Version 12.00
# Visual Studio 2013
VisualStudioVersion = 12.0.30324.0
MinimumVisualStudioVersion = 10.0.40219.1
Project("{FAE04EC0-301F-11D3-BF4B-00C04F79EFBC}") = "Framework", "Framework\Framework.csproj", "{E6A4293D-E0F4-4153-B624-C5A80D80C2E0}"
EndProject
Project("{2150E333-8FDC-42A3-9474-1A3956D46DE8}") = ".nuget", ".nuget", "{D77F4981-4032-4069-B46F-6AC6B4C7C359}"
	ProjectSection(SolutionItems) = preProject
		.nuget\NuGet.Config = .nuget\NuGet.Config
		.nuget\NuGet.exe = .nuget\NuGet.exe
		.nuget\NuGet.targets = .nuget\NuGet.targets
	EndProjectSection
EndProject
Project("{FAE04EC0-301F-11D3-BF4B-00C04F79EFBC}") = "Host", "Host\Host.csproj", "{5B6846C1-D618-4E63-BFA7-3222BEE5D6F6}"
EndProject
Project("{FAE04EC0-301F-11D3-BF4B-00C04F79EFBC}") = "wuxibus", "wuxibus\wuxibus.csproj", "{A385D27E-AFBF-400F-9A21-32579D736ECB}"
EndProject
Global
	GlobalSection(SolutionConfigurationPlatforms) = preSolution
		Debug|Any CPU = Debug|Any CPU
		Debug|ARM = Debug|ARM
		Debug|x86 = Debug|x86
		Release|Any CPU = Release|Any CPU
		Release|ARM = Release|ARM
		Release|x86 = Release|x86
	EndGlobalSection
	GlobalSection(ProjectConfigurationPlatforms) = postSolution
		{E6A4293D-E0F4-4153-B624-C5A80D80C2E0}.Debug|Any CPU.ActiveCfg = Debug|Any CPU
		{E6A4293D-E0F4-4153-B624-C5A80D80C2E0}.Debug|Any CPU.Build.0 = Debug|Any CPU
		{E6A4293D-E0F4-4153-B624-C5A80D80C2E0}.Debug|ARM.ActiveCfg = Debug|ARM
		{E6A4293D-E0F4-4153-B624-C5A80D80C2E0}.Debug|ARM.Build.0 = Debug|ARM
		{E6A4293D-E0F4-4153-B624-C5A80D80C2E0}.Debug|x86.ActiveCfg = Debug|x86
		{E6A4293D-E0F4-4153-B624-C5A80D80C2E0}.Debug|x86.Build.0 = Debug|x86
		{E6A4293D-E0F4-4153-B624-C5A80D80C2E0}.Release|Any CPU.ActiveCfg = Release|Any CPU
		{E6A4293D-E0F4-4153-B624-C5A80D80C2E0}.Release|Any CPU.Build.0 = Release|Any CPU
		{E6A4293D-E0F4-4153-B624-C5A80D80C2E0}.Release|ARM.ActiveCfg = Release|ARM
		{E6A4293D-E0F4-4153-B624-C5A80D80C2E0}.Release|ARM.Build.0 = Release|ARM
		{E6A4293D-E0F4-4153-B624-C5A80D80C2E0}.Release|x86.ActiveCfg = Release|x86
		{E6A4293D-E0F4-4153-B624-C5A80D80C2E0}.Release|x86.Build.0 = Release|x86
		{5B6846C1-D618-4E63-BFA7-3222BEE5D6F6}.Debug|Any CPU.ActiveCfg = Debug|Any CPU
		{5B6846C1-D618-4E63-BFA7-3222BEE5D6F6}.Debug|Any CPU.Build.0 = Debug|Any CPU
		{5B6846C1-D618-4E63-BFA7-3222BEE5D6F6}.Debug|Any CPU.Deploy.0 = Debug|Any CPU
		{5B6846C1-D618-4E63-BFA7-3222BEE5D6F6}.Debug|ARM.ActiveCfg = Debug|ARM
		{5B6846C1-D618-4E63-BFA7-3222BEE5D6F6}.Debug|ARM.Build.0 = Debug|ARM
		{5B6846C1-D618-4E63-BFA7-3222BEE5D6F6}.Debug|ARM.Deploy.0 = Debug|ARM
		{5B6846C1-D618-4E63-BFA7-3222BEE5D6F6}.Debug|x86.ActiveCfg = Debug|x86
		{5B6846C1-D618-4E63-BFA7-3222BEE5D6F6}.Debug|x86.Build.0 = Debug|x86
		{5B6846C1-D618-4E63-BFA7-3222BEE5D6F6}.Debug|x86.Deploy.0 = Debug|x86
		{5B6846C1-D618-4E63-BFA7-3222BEE5D6F6}.Release|Any CPU.ActiveCfg = Release|Any CPU
		{5B6846C1-D618-4E63-BFA7-3222BEE5D6F6}.Release|Any CPU.Build.0 = Release|Any CPU
		{5B6846C1-D618-4E63-BFA7-3222BEE5D6F6}.Release|Any CPU.Deploy.0 = Release|Any CPU
		{5B6846C1-D618-4E63-BFA7-3222BEE5D6F6}.Release|ARM.ActiveCfg = Release|ARM
		{5B6846C1-D618-4E63-BFA7-3222BEE5D6F6}.Release|ARM.Build.0 = Release|ARM
		{5B6846C1-D618-4E63-BFA7-3222BEE5D6F6}.Release|ARM.Deploy.0 = Release|ARM
		{5B6846C1-D618-4E63-BFA7-3222BEE5D6F6}.Release|x86.ActiveCfg = Release|x86
		{5B6846C1-D618-4E63-BFA7-3222BEE5D6F6}.Release|x86.Build.0 = Release|x86
		{5B6846C1-D618-4E63-BFA7-3222BEE5D6F6}.Release|x86.Deploy.0 = Release|x86
		{A385D27E-AFBF-400F-9A21-32579D736ECB}.Debug|Any CPU.ActiveCfg = Debug|Any CPU
		{A385D27E-AFBF-400F-9A21-32579D736ECB}.Debug|Any CPU.Build.0 = Debug|Any CPU
		{A385D27E-AFBF-400F-9A21-32579D736ECB}.Debug|ARM.ActiveCfg = Debug|ARM
		{A385D27E-AFBF-400F-9A21-32579D736ECB}.Debug|ARM.Build.0 = Debug|ARM
		{A385D27E-AFBF-400F-9A21-32579D736ECB}.Debug|x86.ActiveCfg = Debug|x86
		{A385D27E-AFBF-400F-9A21-32579D736ECB}.Debug|x86.Build.0 = Debug|x86
		{A385D27E-AFBF-400F-9A21-32579D736ECB}.Release|Any CPU.ActiveCfg = Release|Any CPU
		{A385D27E-AFBF-400F-9A21-32579D736ECB}.Release|Any CPU.Build.0 = Release|Any CPU
		{A385D27E-AFBF-400F-9A21-32579D736ECB}.Release|ARM.ActiveCfg = Release|ARM
		{A385D27E-AFBF-400F-9A21-32579D736ECB}.Release|ARM.Build.0 = Release|ARM
		{A385D27E-AFBF-400F-9A21-32579D736ECB}.Release|x86.ActiveCfg = Release|x86
		{A385D27E-AFBF-400F-9A21-32579D736ECB}.Release|x86.Build.0 = Release|x86
	EndGlobalSection
	GlobalSection(SolutionProperties) = preSolution
		HideSolutionNode = FALSE
	EndGlobalSection
EndGlobal
